PODS:
  - LHVideoDetailController (1.0.0)

DEPENDENCIES:
  - LHVideoDetailController (from `../`)

EXTERNAL SOURCES:
  LHVideoDetailController:
    :path: "../"

SPEC CHECKSUMS:
  LHVideoDetailController: 127f664141ff4695e9c1a9ae4f4794cd96df5adc

PODFILE CHECKSUM: 1714cab639493391d81c8d1e0ddc528383be027d

COCOAPODS: 1.5.3
